{
    "name": "node-red-contrib-obix-niagara-connector",
    "version": "1.0.0",
    "lockfileVersion": 1,
    "requires": true,
    "dependencies": {
        "ansi-styles": {
            "version": "4.3.0",
            "resolved": "https://registry.npmjs.org/ansi-styles/-/ansi-styles-4.3.0.tgz",
            "integrity": "sha512-zbB9rCJAT1rbjiVDb2hqKFHNYLxgtk8NURxZ3IZwD3F6NtxbXZQCnnSi1Lkx+IDohdPlFp222wVALIheZJQSEg==",
            "requires": {
                "color-convert": "^2.0.1"
            }
        },
        "axios": {
            "version": "0.21.0",
            "resolved": "https://registry.npmjs.org/axios/-/axios-0.21.0.tgz",
            "integrity": "sha512-fmkJBknJKoZwem3/IKSSLpkdNXZeBu5Q7GA/aRsr2btgrptmSCxi2oFjZHqGdK9DoTil9PIHlPIZw2EcRJXRvw==",
            "requires": {
                "follow-redirects": "^1.10.0"
            }
        },
        "chalk": {
            "version": "4.0.0",
            "resolved": "https://registry.npmjs.org/chalk/-/chalk-4.0.0.tgz",
            "integrity": "sha512-N9oWFcegS0sFr9oh1oz2d7Npos6vNoWW9HvtCg5N1KRFpUhaAhvTv5Y58g880fZaEYSNm3qDz8SU1UrGvp+n7A==",
            "requires": {
                "ansi-styles": "^4.1.0",
                "supports-color": "^7.1.0"
            }
        },
        "color-convert": {
            "version": "2.0.1",
            "resolved": "https://registry.npmjs.org/color-convert/-/color-convert-2.0.1.tgz",
            "integrity": "sha512-RRECPsj7iu/xb5oKYcsFHSppFNnsj/52OVTRKb4zP5onXwVF3zVmmToNcOfGC+CRDpfK/U584fMg38ZHCaElKQ==",
            "requires": {
                "color-name": "~1.1.4"
            }
        },
        "color-name": {
            "version": "1.1.4",
            "resolved": "https://registry.npmjs.org/color-name/-/color-name-1.1.4.tgz",
            "integrity": "sha512-dOy+3AuW3a2wNbZHIuMZpTcgjGuLU/uBL/ubcZF9OXbDo8ff4O8yVp5Bf0efS8uEoYo5q4Fx7dY9OgQGXgAsQA=="
        },
        "compute-stdev": {
            "version": "1.0.0",
            "resolved": "https://registry.npmjs.org/compute-stdev/-/compute-stdev-1.0.0.tgz",
            "integrity": "sha1-1INhCDdSsiVKXvZBZ3yrtGOh0lM="
        },
        "epipebomb": {
            "version": "1.0.0",
            "resolved": "https://registry.npmjs.org/epipebomb/-/epipebomb-1.0.0.tgz",
            "integrity": "sha1-V9He2h1ryBYisRinX+a1p9NPbYg="
        },
        "follow-redirects": {
            "version": "1.13.0",
            "resolved": "https://registry.npmjs.org/follow-redirects/-/follow-redirects-1.13.0.tgz",
            "integrity": "sha512-aq6gF1BEKje4a9i9+5jimNFIpq4Q1WiwBToeRK5NvZBd/TRsmW8BsJfOEGkr76TbOyPVD3OVDN910EcUNtRYEA=="
        },
        "has-flag": {
            "version": "4.0.0",
            "resolved": "https://registry.npmjs.org/has-flag/-/has-flag-4.0.0.tgz",
            "integrity": "sha512-EykJT/Q1KjTWctppgIAgfSO0tKVuZUjhgMr17kqTumMl6Afv3EISleU7qZUzoXDFTAHTDC4NOoG/ZxU3EvlMPQ=="
        },
        "minimist": {
            "version": "1.2.5",
            "resolved": "https://registry.npmjs.org/minimist/-/minimist-1.2.5.tgz",
            "integrity": "sha512-FM9nNUYrRBAELZQT3xeZQ7fmMOBg6nWNmJKTcgsJeaLstP/UODVpGsr5OhXhhXg6f+qtJ8uiZ+PUxkDWcgIXLw=="
        },
        "moment": {
            "version": "2.29.1",
            "resolved": "https://registry.npmjs.org/moment/-/moment-2.29.1.tgz",
            "integrity": "sha512-kHmoybcPV8Sqy59DwNDY3Jefr64lK/by/da0ViFcuA4DH0vQg5Q6Ze5VimxkfQNSC+Mls/Kx53s7TjP1RhFEDQ=="
        },
        "moment-timezone": {
            "version": "0.5.31",
            "resolved": "https://registry.npmjs.org/moment-timezone/-/moment-timezone-0.5.31.tgz",
            "integrity": "sha512-+GgHNg8xRhMXfEbv81iDtrVeTcWt0kWmTEY1XQK14dICTXnWJnT0dxdlPspwqF3keKMVPXwayEsk1DI0AA/jdA==",
            "requires": {
                "moment": ">= 2.9.0"
            }
        },
        "port-numbers": {
            "version": "6.0.0",
            "resolved": "https://registry.npmjs.org/port-numbers/-/port-numbers-6.0.0.tgz",
            "integrity": "sha512-tcc6XEyINMc7uWgRjrua3k8AsBytab5vfBGRCdF9GIw4A4h/30cRZSM2KF4qdyeMKOw64yh8CRrPTeaBmfMuNw=="
        },
        "sax": {
            "version": "1.2.4",
            "resolved": "https://registry.npmjs.org/sax/-/sax-1.2.4.tgz",
            "integrity": "sha512-NqVDv9TpANUjFm0N8uM5GxL36UgKi9/atZw+x7YFnQ8ckwFGKrl4xX4yWtrey3UJm5nP1kUbnYgLopqWNSRhWw=="
        },
        "supports-color": {
            "version": "7.2.0",
            "resolved": "https://registry.npmjs.org/supports-color/-/supports-color-7.2.0.tgz",
            "integrity": "sha512-qpCAvRl9stuOHveKsn7HncJRvv501qIacKzQlO/+Lwxc9+0q2wLyv4Dfvt80/DPn2pqOBsJdDiogXGR9+OvwRw==",
            "requires": {
                "has-flag": "^4.0.0"
            }
        },
        "tcpie": {
            "version": "9.0.1",
            "resolved": "https://registry.npmjs.org/tcpie/-/tcpie-9.0.1.tgz",
            "integrity": "sha512-FdUamFdZqwjKEhQn6ar5CoCQniISfA9q2jSrGHlFUjrfaGnU0SMEgzHb+EZi0UGToszGIU4GRrXvim9g3VJtlg==",
            "requires": {
                "chalk": "4.0.0",
                "compute-stdev": "1.0.0",
                "epipebomb": "1.0.0",
                "minimist": "1.2.5",
                "port-numbers": "6.0.0"
            }
        },
        "xml-js": {
            "version": "1.6.11",
            "resolved": "https://registry.npmjs.org/xml-js/-/xml-js-1.6.11.tgz",
            "integrity": "sha512-7rVi2KMfwfWFl+GpPg6m80IVMWXLRjO+PxTq7V2CDhoGak0wzYzFgUY2m4XJ47OGdXd8eLE8EmwfAmdjw7lC1g==",
            "requires": {
                "sax": "^1.2.4"
            }
        }
    }
}
